
Microsoft Visual Studio Solution File, Format Version 12.00
# Visual Studio 15
VisualStudioVersion = 15.0.28010.2046
MinimumVisualStudioVersion = 10.0.40219.1
Project("{2150E333-8FDC-42A3-9474-1A3956D46DE8}") = ".misc", ".misc", "{09528F97-9EB1-4059-AAE2-B849A6C76390}"
	ProjectSection(SolutionItems) = preProject
		.editorconfig = .editorconfig
		.gitattributes = .gitattributes
		.gitignore = .gitignore
		LICENSE.txt = LICENSE.txt
		README.md = README.md
		tests.runsettings = tests.runsettings
	EndProjectSection
EndProject
Project("{2150E333-8FDC-42A3-9474-1A3956D46DE8}") = "src", "src", "{968D2F6F-40CC-41D9-84DF-CBDF9A2778B9}"
EndProject
Project("{9A19103F-16F7-4668-BE54-9A1E7A4F7556}") = "WebLinking.Core", "src\WebLinking.Core\WebLinking.Core.csproj", "{1BC7FAE6-E0BA-498C-8D76-399F26DB1AB4}"
EndProject
Project("{9A19103F-16F7-4668-BE54-9A1E7A4F7556}") = "WebLinking.Core.Tests.UnitTests", "src\WebLinking.Core.Tests.UnitTests\WebLinking.Core.Tests.UnitTests.csproj", "{DFD45C95-5761-4436-8827-B24302E14D0B}"
EndProject
Project("{2150E333-8FDC-42A3-9474-1A3956D46DE8}") = "build", "build", "{EEC1A317-BA7A-4865-9670-359133D9F7C6}"
	ProjectSection(SolutionItems) = preProject
		build\codeanalysis.props = build\codeanalysis.props
		build\common.props = build\common.props
		build\dependencies.props = build\dependencies.props
		build\packages.props = build\packages.props
		build\version.props = build\version.props
		build\WebLinking.Analyzers.ruleset = build\WebLinking.Analyzers.ruleset
	EndProjectSection
EndProject
Project("{9A19103F-16F7-4668-BE54-9A1E7A4F7556}") = "WebLinking.Integration.AspNetCore", "src\WebLinking.Integration.AspNetCore\WebLinking.Integration.AspNetCore.csproj", "{01BF230E-3F73-4306-9179-3572B6DB8122}"
EndProject
Project("{9A19103F-16F7-4668-BE54-9A1E7A4F7556}") = "WebLinking.Integration.AspNetCore.Tests.UnitTests", "src\WebLinking.Integration.AspNetCore.Tests.UnitTests\WebLinking.Integration.AspNetCore.Tests.UnitTests.csproj", "{D13040DD-F7F8-4B7F-9D46-7D6F377A4B87}"
EndProject
Project("{2150E333-8FDC-42A3-9474-1A3956D46DE8}") = "demo", "demo", "{8041FFB4-2897-4C33-A585-AC22C6B31E98}"
EndProject
Project("{9A19103F-16F7-4668-BE54-9A1E7A4F7556}") = "WebLinking.DemoApi", "demo\WebLinking.DemoApi\WebLinking.DemoApi.csproj", "{1664302E-74F9-44AC-A823-4CE00C10C67E}"
EndProject
Global
	GlobalSection(SolutionConfigurationPlatforms) = preSolution
		Debug|Any CPU = Debug|Any CPU
		Release|Any CPU = Release|Any CPU
	EndGlobalSection
	GlobalSection(ProjectConfigurationPlatforms) = postSolution
		{1BC7FAE6-E0BA-498C-8D76-399F26DB1AB4}.Debug|Any CPU.ActiveCfg = Debug|Any CPU
		{1BC7FAE6-E0BA-498C-8D76-399F26DB1AB4}.Debug|Any CPU.Build.0 = Debug|Any CPU
		{1BC7FAE6-E0BA-498C-8D76-399F26DB1AB4}.Release|Any CPU.ActiveCfg = Release|Any CPU
		{1BC7FAE6-E0BA-498C-8D76-399F26DB1AB4}.Release|Any CPU.Build.0 = Release|Any CPU
		{DFD45C95-5761-4436-8827-B24302E14D0B}.Debug|Any CPU.ActiveCfg = Debug|Any CPU
		{DFD45C95-5761-4436-8827-B24302E14D0B}.Debug|Any CPU.Build.0 = Debug|Any CPU
		{DFD45C95-5761-4436-8827-B24302E14D0B}.Release|Any CPU.ActiveCfg = Release|Any CPU
		{DFD45C95-5761-4436-8827-B24302E14D0B}.Release|Any CPU.Build.0 = Release|Any CPU
		{01BF230E-3F73-4306-9179-3572B6DB8122}.Debug|Any CPU.ActiveCfg = Debug|Any CPU
		{01BF230E-3F73-4306-9179-3572B6DB8122}.Debug|Any CPU.Build.0 = Debug|Any CPU
		{01BF230E-3F73-4306-9179-3572B6DB8122}.Release|Any CPU.ActiveCfg = Release|Any CPU
		{01BF230E-3F73-4306-9179-3572B6DB8122}.Release|Any CPU.Build.0 = Release|Any CPU
		{D13040DD-F7F8-4B7F-9D46-7D6F377A4B87}.Debug|Any CPU.ActiveCfg = Debug|Any CPU
		{D13040DD-F7F8-4B7F-9D46-7D6F377A4B87}.Debug|Any CPU.Build.0 = Debug|Any CPU
		{D13040DD-F7F8-4B7F-9D46-7D6F377A4B87}.Release|Any CPU.ActiveCfg = Release|Any CPU
		{D13040DD-F7F8-4B7F-9D46-7D6F377A4B87}.Release|Any CPU.Build.0 = Release|Any CPU
		{1664302E-74F9-44AC-A823-4CE00C10C67E}.Debug|Any CPU.ActiveCfg = Debug|Any CPU
		{1664302E-74F9-44AC-A823-4CE00C10C67E}.Debug|Any CPU.Build.0 = Debug|Any CPU
		{1664302E-74F9-44AC-A823-4CE00C10C67E}.Release|Any CPU.ActiveCfg = Release|Any CPU
		{1664302E-74F9-44AC-A823-4CE00C10C67E}.Release|Any CPU.Build.0 = Release|Any CPU
	EndGlobalSection
	GlobalSection(SolutionProperties) = preSolution
		HideSolutionNode = FALSE
	EndGlobalSection
	GlobalSection(NestedProjects) = preSolution
		{1BC7FAE6-E0BA-498C-8D76-399F26DB1AB4} = {968D2F6F-40CC-41D9-84DF-CBDF9A2778B9}
		{DFD45C95-5761-4436-8827-B24302E14D0B} = {968D2F6F-40CC-41D9-84DF-CBDF9A2778B9}
		{01BF230E-3F73-4306-9179-3572B6DB8122} = {968D2F6F-40CC-41D9-84DF-CBDF9A2778B9}
		{D13040DD-F7F8-4B7F-9D46-7D6F377A4B87} = {968D2F6F-40CC-41D9-84DF-CBDF9A2778B9}
		{1664302E-74F9-44AC-A823-4CE00C10C67E} = {8041FFB4-2897-4C33-A585-AC22C6B31E98}
	EndGlobalSection
	GlobalSection(ExtensibilityGlobals) = postSolution
		SolutionGuid = {A6E721C8-6502-4E64-BB76-EFEC1D7C721B}
	EndGlobalSection
EndGlobal
